
Microsoft Visual Studio Solution File, Format Version 12.00
# Visual Studio Version 16
VisualStudioVersion = 16.0.30002.166
MinimumVisualStudioVersion = 10.0.40219.1
Project("{9A19103F-16F7-4668-BE54-9A1E7A4F7556}") = "Blog.Tests", "Blog.Tests\Blog.Tests.csproj", "{68EFD3F7-2DDE-471E-BA69-ECE775BECDDD}"
EndProject
Project("{9A19103F-16F7-4668-BE54-9A1E7A4F7556}") = "Blog.IntegrationTests", "Blog.IntegrationTests\Blog.IntegrationTests.csproj", "{9A6F0F2D-D94A-43B3-8E6D-6CEABE48BFEB}"
EndProject
Project("{9A19103F-16F7-4668-BE54-9A1E7A4F7556}") = "Blog.Services", "Blog.Services\Blog.Services.csproj", "{AE21797A-9261-4B37-86B4-037873C1E544}"
EndProject
Project("{9A19103F-16F7-4668-BE54-9A1E7A4F7556}") = "Blog.Api", "Blog\Blog.Api.csproj", "{3920CC4D-FD53-4DBC-92FC-CCE6DE70CF7D}"
EndProject
Project("{9A19103F-16F7-4668-BE54-9A1E7A4F7556}") = "Blog.Repository", "Blog.Repository\Blog.Repository.csproj", "{B8894736-9101-48CC-9057-6C624FEE22D0}"
EndProject
Project("{FAE04EC0-301F-11D3-BF4B-00C04F79EFBC}") = "Blog.Frontend", "Blog.Frontend\Blog.Frontend.csproj", "{F482CB5B-27B0-46EA-A7D2-4573907B10C3}"
EndProject
Global
	GlobalSection(SolutionConfigurationPlatforms) = preSolution
		Debug|Any CPU = Debug|Any CPU
		Release|Any CPU = Release|Any CPU
	EndGlobalSection
	GlobalSection(ProjectConfigurationPlatforms) = postSolution
		{68EFD3F7-2DDE-471E-BA69-ECE775BECDDD}.Debug|Any CPU.ActiveCfg = Debug|Any CPU
		{68EFD3F7-2DDE-471E-BA69-ECE775BECDDD}.Debug|Any CPU.Build.0 = Debug|Any CPU
		{68EFD3F7-2DDE-471E-BA69-ECE775BECDDD}.Release|Any CPU.ActiveCfg = Release|Any CPU
		{68EFD3F7-2DDE-471E-BA69-ECE775BECDDD}.Release|Any CPU.Build.0 = Release|Any CPU
		{9A6F0F2D-D94A-43B3-8E6D-6CEABE48BFEB}.Debug|Any CPU.ActiveCfg = Debug|Any CPU
		{9A6F0F2D-D94A-43B3-8E6D-6CEABE48BFEB}.Debug|Any CPU.Build.0 = Debug|Any CPU
		{9A6F0F2D-D94A-43B3-8E6D-6CEABE48BFEB}.Release|Any CPU.ActiveCfg = Release|Any CPU
		{9A6F0F2D-D94A-43B3-8E6D-6CEABE48BFEB}.Release|Any CPU.Build.0 = Release|Any CPU
		{AE21797A-9261-4B37-86B4-037873C1E544}.Debug|Any CPU.ActiveCfg = Debug|Any CPU
		{AE21797A-9261-4B37-86B4-037873C1E544}.Debug|Any CPU.Build.0 = Debug|Any CPU
		{AE21797A-9261-4B37-86B4-037873C1E544}.Release|Any CPU.ActiveCfg = Release|Any CPU
		{AE21797A-9261-4B37-86B4-037873C1E544}.Release|Any CPU.Build.0 = Release|Any CPU
		{3920CC4D-FD53-4DBC-92FC-CCE6DE70CF7D}.Debug|Any CPU.ActiveCfg = Debug|Any CPU
		{3920CC4D-FD53-4DBC-92FC-CCE6DE70CF7D}.Debug|Any CPU.Build.0 = Debug|Any CPU
		{3920CC4D-FD53-4DBC-92FC-CCE6DE70CF7D}.Release|Any CPU.ActiveCfg = Release|Any CPU
		{3920CC4D-FD53-4DBC-92FC-CCE6DE70CF7D}.Release|Any CPU.Build.0 = Release|Any CPU
		{B8894736-9101-48CC-9057-6C624FEE22D0}.Debug|Any CPU.ActiveCfg = Debug|Any CPU
		{B8894736-9101-48CC-9057-6C624FEE22D0}.Debug|Any CPU.Build.0 = Debug|Any CPU
		{B8894736-9101-48CC-9057-6C624FEE22D0}.Release|Any CPU.ActiveCfg = Release|Any CPU
		{B8894736-9101-48CC-9057-6C624FEE22D0}.Release|Any CPU.Build.0 = Release|Any CPU
		{F482CB5B-27B0-46EA-A7D2-4573907B10C3}.Debug|Any CPU.ActiveCfg = Debug|Any CPU
		{F482CB5B-27B0-46EA-A7D2-4573907B10C3}.Debug|Any CPU.Build.0 = Debug|Any CPU
		{F482CB5B-27B0-46EA-A7D2-4573907B10C3}.Release|Any CPU.ActiveCfg = Release|Any CPU
		{F482CB5B-27B0-46EA-A7D2-4573907B10C3}.Release|Any CPU.Build.0 = Release|Any CPU
	EndGlobalSection
	GlobalSection(SolutionProperties) = preSolution
		HideSolutionNode = FALSE
	EndGlobalSection
	GlobalSection(ExtensibilityGlobals) = postSolution
		SolutionGuid = {42088C7F-ADC6-4001-9C82-7F993FA6C433}
	EndGlobalSection
EndGlobal
